
Microsoft Visual Studio Solution File, Format Version 12.00
# Visual Studio 15
VisualStudioVersion = 15.0.28307.438
MinimumVisualStudioVersion = 10.0.40219.1
Project("{9A19103F-16F7-4668-BE54-9A1E7A4F7556}") = "CalculatedAnnualSalary.Model", "CalculatedAnnualSalary.Model\CalculatedAnnualSalary.Model.csproj", "{AC38AFA0-ABBA-4154-9E89-F6B745CA49F0}"
EndProject
Project("{9A19103F-16F7-4668-BE54-9A1E7A4F7556}") = "CalculatedAnnualSalary.Factory", "CalculatedAnnualSalary.Factory\CalculatedAnnualSalary.Factory.csproj", "{83C3F489-ED04-4C90-8B1A-2E97B19BEF5E}"
EndProject
Project("{9A19103F-16F7-4668-BE54-9A1E7A4F7556}") = "CalculatedAnnualSalary.Service", "CalculatedAnnualSalary.Service\CalculatedAnnualSalary.Service.csproj", "{271AD63B-A60A-45ED-AC89-4F628A6909C6}"
EndProject
Project("{9A19103F-16F7-4668-BE54-9A1E7A4F7556}") = "CalculatedAnnualSalary.Test", "CalculatedAnnualSalary.Test\CalculatedAnnualSalary.Test.csproj", "{94F39D5C-053C-4280-913F-0BD107C5AF0C}"
EndProject
Project("{2150E333-8FDC-42A3-9474-1A3956D46DE8}") = "CalculatedAnnualSalary", "CalculatedAnnualSalary", "{D2281C40-4F80-417A-9E65-686435967B23}"
EndProject
Global
	GlobalSection(SolutionConfigurationPlatforms) = preSolution
		Debug|Any CPU = Debug|Any CPU
		Release|Any CPU = Release|Any CPU
	EndGlobalSection
	GlobalSection(ProjectConfigurationPlatforms) = postSolution
		{AC38AFA0-ABBA-4154-9E89-F6B745CA49F0}.Debug|Any CPU.ActiveCfg = Debug|Any CPU
		{AC38AFA0-ABBA-4154-9E89-F6B745CA49F0}.Debug|Any CPU.Build.0 = Debug|Any CPU
		{AC38AFA0-ABBA-4154-9E89-F6B745CA49F0}.Release|Any CPU.ActiveCfg = Release|Any CPU
		{AC38AFA0-ABBA-4154-9E89-F6B745CA49F0}.Release|Any CPU.Build.0 = Release|Any CPU
		{83C3F489-ED04-4C90-8B1A-2E97B19BEF5E}.Debug|Any CPU.ActiveCfg = Debug|Any CPU
		{83C3F489-ED04-4C90-8B1A-2E97B19BEF5E}.Debug|Any CPU.Build.0 = Debug|Any CPU
		{83C3F489-ED04-4C90-8B1A-2E97B19BEF5E}.Release|Any CPU.ActiveCfg = Release|Any CPU
		{83C3F489-ED04-4C90-8B1A-2E97B19BEF5E}.Release|Any CPU.Build.0 = Release|Any CPU
		{271AD63B-A60A-45ED-AC89-4F628A6909C6}.Debug|Any CPU.ActiveCfg = Debug|Any CPU
		{271AD63B-A60A-45ED-AC89-4F628A6909C6}.Debug|Any CPU.Build.0 = Debug|Any CPU
		{271AD63B-A60A-45ED-AC89-4F628A6909C6}.Release|Any CPU.ActiveCfg = Release|Any CPU
		{271AD63B-A60A-45ED-AC89-4F628A6909C6}.Release|Any CPU.Build.0 = Release|Any CPU
		{94F39D5C-053C-4280-913F-0BD107C5AF0C}.Debug|Any CPU.ActiveCfg = Debug|Any CPU
		{94F39D5C-053C-4280-913F-0BD107C5AF0C}.Debug|Any CPU.Build.0 = Debug|Any CPU
		{94F39D5C-053C-4280-913F-0BD107C5AF0C}.Release|Any CPU.ActiveCfg = Release|Any CPU
		{94F39D5C-053C-4280-913F-0BD107C5AF0C}.Release|Any CPU.Build.0 = Release|Any CPU
	EndGlobalSection
	GlobalSection(SolutionProperties) = preSolution
		HideSolutionNode = FALSE
	EndGlobalSection
	GlobalSection(NestedProjects) = preSolution
		{AC38AFA0-ABBA-4154-9E89-F6B745CA49F0} = {D2281C40-4F80-417A-9E65-686435967B23}
		{83C3F489-ED04-4C90-8B1A-2E97B19BEF5E} = {D2281C40-4F80-417A-9E65-686435967B23}
		{271AD63B-A60A-45ED-AC89-4F628A6909C6} = {D2281C40-4F80-417A-9E65-686435967B23}
		{94F39D5C-053C-4280-913F-0BD107C5AF0C} = {D2281C40-4F80-417A-9E65-686435967B23}
	EndGlobalSection
	GlobalSection(ExtensibilityGlobals) = postSolution
		SolutionGuid = {E1B41D33-8194-42CA-980D-0216BEF02394}
	EndGlobalSection
EndGlobal
